{
  "name": "winston-amazon-ses",
  "version": "1.0.0",
  "lockfileVersion": 1,
  "dependencies": {
    "@types/node": {
      "version": "8.0.13",
      "resolved": "https://registry.npmjs.org/@types/node/-/node-8.0.13.tgz",
      "integrity": "sha512-Y3EAG7VA7NVNbZek/fjJtILnmTk/ZfpJuWZGDBqDZ1dVIxgJJJ82fXPW7pKnqyV9CD/9bcPOCi7eErUqGMHOrA==",
      "dev": true
    },
    "@types/winston": {
      "version": "2.3.3",
      "resolved": "https://registry.npmjs.org/@types/winston/-/winston-2.3.3.tgz",
      "integrity": "sha512-Ar6qDl0MK8ZKruAngkuZqaAnI20k68buemvKhizxfj1783u2UzYnTb5gLizIJjQ/60h/5Of92ztZnn35AywjqA==",
      "dev": true
    },
    "amazon-ses": {
      "version": "0.0.3",
      "resolved": "https://registry.npmjs.org/amazon-ses/-/amazon-ses-0.0.3.tgz",
      "integrity": "sha1-TISD2qNyNYE6AWwKqOIvSXl+vHM=",
      "dependencies": {
        "underscore": {
          "version": "1.2.1",
          "resolved": "https://registry.npmjs.org/underscore/-/underscore-1.2.1.tgz",
          "integrity": "sha1-/FxrB2VnPZKi1KyLTcCqiHAuK9Q="
        }
      }
    },
    "async": {
      "version": "0.1.22",
      "resolved": "https://registry.npmjs.org/async/-/async-0.1.22.tgz",
      "integrity": "sha1-D8GqoIig4+8Ovi2IMbqw3PiEUGE=",
      "dev": true
    },
    "buster-core": {
      "version": "0.6.4",
      "resolved": "https://registry.npmjs.org/buster-core/-/buster-core-0.6.4.tgz",
      "integrity": "sha1-J79rrWdCROpyDzEdkAoMoct4YFA=",
      "dev": true
    },
    "buster-format": {
      "version": "0.5.6",
      "resolved": "https://registry.npmjs.org/buster-format/-/buster-format-0.5.6.tgz",
      "integrity": "sha1-K4bDIuz14bCubm55Bev884fSq5U=",
      "dev": true
    },
    "colors": {
      "version": "0.6.2",
      "resolved": "https://registry.npmjs.org/colors/-/colors-0.6.2.tgz",
      "integrity": "sha1-JCP+ZnisDF2uiFLl0OW+CMmXq8w=",
      "dev": true
    },
    "cycle": {
      "version": "1.0.3",
      "resolved": "https://registry.npmjs.org/cycle/-/cycle-1.0.3.tgz",
      "integrity": "sha1-IegLK+hYD5i0aPN5QwZisEbDStI=",
      "dev": true
    },
    "diff": {
      "version": "1.0.8",
      "resolved": "https://registry.npmjs.org/diff/-/diff-1.0.8.tgz",
      "integrity": "sha1-NDJ2MI7Jkbe8giZ+1VvBQR+XFmY=",
      "dev": true
    },
    "eyes": {
      "version": "0.1.8",
      "resolved": "https://registry.npmjs.org/eyes/-/eyes-0.1.8.tgz",
      "integrity": "sha1-Ys8SAjTGg3hdkCNIqADvPgzCC8A=",
      "dev": true
    },
    "pkginfo": {
      "version": "0.2.3",
      "resolved": "https://registry.npmjs.org/pkginfo/-/pkginfo-0.2.3.tgz",
      "integrity": "sha1-cjnEKl72wwuPMoQ52bn/cQQkkPg=",
      "dev": true
    },
    "request": {
      "version": "2.1.1",
      "resolved": "https://registry.npmjs.org/request/-/request-2.1.1.tgz",
      "integrity": "sha1-VXDgxzfWVuvW0dPICqUQ08+Gxvo="
    },
    "sax": {
      "version": "1.2.4",
      "resolved": "https://registry.npmjs.org/sax/-/sax-1.2.4.tgz",
      "integrity": "sha512-NqVDv9TpANUjFm0N8uM5GxL36UgKi9/atZw+x7YFnQ8ckwFGKrl4xX4yWtrey3UJm5nP1kUbnYgLopqWNSRhWw=="
    },
    "sinon": {
      "version": "1.5.0",
      "resolved": "https://registry.npmjs.org/sinon/-/sinon-1.5.0.tgz",
      "integrity": "sha1-aJ6ccIPvaLwurmxdZ7Zg/E+j7VU=",
      "dev": true
    },
    "stack-trace": {
      "version": "0.0.10",
      "resolved": "https://registry.npmjs.org/stack-trace/-/stack-trace-0.0.10.tgz",
      "integrity": "sha1-VHxws0fo0ytOEI6hoqFZ5f3eGcA=",
      "dev": true
    },
    "underscore": {
      "version": "1.4.2",
      "resolved": "https://registry.npmjs.org/underscore/-/underscore-1.4.2.tgz",
      "integrity": "sha1-yyquanmZqJ/VWq7nW84DEWmM6/s="
    },
    "vows": {
      "version": "0.7.0",
      "resolved": "https://registry.npmjs.org/vows/-/vows-0.7.0.tgz",
      "integrity": "sha1-3QBl8RC6DAptY+hEhRwyCBdtWGc=",
      "dev": true
    },
    "winston": {
      "version": "0.6.2",
      "resolved": "https://registry.npmjs.org/winston/-/winston-0.6.2.tgz",
      "integrity": "sha1-QUT+JYbNwZphK/jANVkBMskGS9I=",
      "dev": true,
      "dependencies": {
        "request": {
          "version": "2.9.203",
          "resolved": "https://registry.npmjs.org/request/-/request-2.9.203.tgz",
          "integrity": "sha1-bBcRpUB/uUoRQhlWPkQUW8v0cjo=",
          "dev": true
        }
      }
    },
    "xml2js": {
      "version": "0.1.11",
      "resolved": "https://registry.npmjs.org/xml2js/-/xml2js-0.1.11.tgz",
      "integrity": "sha1-DnDwDmVC7J2pYD/JacipP2GsZ/w="
    }
  }
}
